// !$*UTF8*$!
{
	archiveVersion = 1;
	classes = {
	};
	objectVersion = 50;
	objects = {

/* Begin PBXBuildFile section */
		C41418A822DE5BE8005F1C2F /* AppDelegate.swift in Sources */ = {isa = PBXBuildFile; fileRef = C41418A722DE5BE8005F1C2F /* AppDelegate.swift */; };
		C41418AA22DE5BE8005F1C2F /* ViewController.swift in Sources */ = {isa = PBXBuildFile; fileRef = C41418A922DE5BE8005F1C2F /* ViewController.swift */; };
		C41418AF22DE5BE9005F1C2F /* Main.storyboard in Resources */ = {isa = PBXBuildFile; fileRef = C41418AD22DE5BE9005F1C2F /* Main.storyboard */; };
		C41418B722DE682C005F1C2F /* Assets.xcassets in Resources */ = {isa = PBXBuildFile; fileRef = C41418AB22DE5BE9005F1C2F /* Assets.xcassets */; };
		C41418B922DF823F005F1C2F /* ScheduleController.swift in Sources */ = {isa = PBXBuildFile; fileRef = C41418B822DF823F005F1C2F /* ScheduleController.swift */; };
		C48A06D62326C96100594E53 /* HelpController.swift in Sources */ = {isa = PBXBuildFile; fileRef = C48A06D52326C96100594E53 /* HelpController.swift */; };
/* End PBXBuildFile section */

/* Begin PBXFileReference section */
		C41418A422DE5BE8005F1C2F /* OneDuty.app */ = {isa = PBXFileReference; explicitFileType = wrapper.application; includeInIndex = 0; path = OneDuty.app; sourceTree = BUILT_PRODUCTS_DIR; };
		C41418A722DE5BE8005F1C2F /* AppDelegate.swift */ = {isa = PBXFileReference; lastKnownFileType = sourcecode.swift; path = AppDelegate.swift; sourceTree = "<group>"; };
		C41418A922DE5BE8005F1C2F /* ViewController.swift */ = {isa = PBXFileReference; lastKnownFileType = sourcecode.swift; path = ViewController.swift; sourceTree = "<group>"; };
		C41418AB22DE5BE9005F1C2F /* Assets.xcassets */ = {isa = PBXFileReference; lastKnownFileType = folder.assetcatalog; path = Assets.xcassets; sourceTree = "<group>"; };
		C41418AE22DE5BE9005F1C2F /* Base */ = {isa = PBXFileReference; lastKnownFileType = file.storyboard; name = Base; path = Base.lproj/Main.storyboard; sourceTree = "<group>"; };
		C41418B022DE5BE9005F1C2F /* Info.plist */ = {isa = PBXFileReference; lastKnownFileType = text.plist.xml; path = Info.plist; sourceTree = "<group>"; };
		C41418B122DE5BE9005F1C2F /* One_Duty.entitlements */ = {isa = PBXFileReference; lastKnownFileType = text.plist.entitlements; path = One_Duty.entitlements; sourceTree = "<group>"; };
		C41418B822DF823F005F1C2F /* ScheduleController.swift */ = {isa = PBXFileReference; lastKnownFileType = sourcecode.swift; path = ScheduleController.swift; sourceTree = "<group>"; };
		C48A06D52326C96100594E53 /* HelpController.swift */ = {isa = PBXFileReference; lastKnownFileType = sourcecode.swift; path = HelpController.swift; sourceTree = "<group>"; };
/* End PBXFileReference section */

/* Begin PBXFrameworksBuildPhase section */
		C41418A122DE5BE8005F1C2F /* Frameworks */ = {
			isa = PBXFrameworksBuildPhase;
			buildActionMask = 2147483647;
			files = (
			);
			runOnlyForDeploymentPostprocessing = 0;
		};
/* End PBXFrameworksBuildPhase section */

/* Begin PBXGroup section */
		C414189B22DE5BE8005F1C2F = {
			isa = PBXGroup;
			children = (
				C41418A622DE5BE8005F1C2F /* OneDuty */,
				C41418A522DE5BE8005F1C2F /* Products */,
			);
			sourceTree = "<group>";
		};
		C41418A522DE5BE8005F1C2F /* Products */ = {
			isa = PBXGroup;
			children = (
				C41418A422DE5BE8005F1C2F /* OneDuty.app */,
			);
			name = Products;
			sourceTree = "<group>";
		};
		C41418A622DE5BE8005F1C2F /* OneDuty */ = {
			isa = PBXGroup;
			children = (
				C41418A722DE5BE8005F1C2F /* AppDelegate.swift */,
				C41418B822DF823F005F1C2F /* ScheduleController.swift */,
				C41418A922DE5BE8005F1C2F /* ViewController.swift */,
				C41418AB22DE5BE9005F1C2F /* Assets.xcassets */,
				C41418AD22DE5BE9005F1C2F /* Main.storyboard */,
				C41418B022DE5BE9005F1C2F /* Info.plist */,
				C41418B122DE5BE9005F1C2F /* One_Duty.entitlements */,
				C48A06D52326C96100594E53 /* HelpController.swift */,
			);
			path = OneDuty;
			sourceTree = "<group>";
		};
/* End PBXGroup section */

/* Begin PBXNativeTarget section */
		C41418A322DE5BE8005F1C2F /* OneDuty */ = {
			isa = PBXNativeTarget;
			buildConfigurationList = C41418B422DE5BE9005F1C2F /* Build configuration list for PBXNativeTarget "OneDuty" */;
			buildPhases = (
				C41418A022DE5BE8005F1C2F /* Sources */,
				C41418A122DE5BE8005F1C2F /* Frameworks */,
				C41418A222DE5BE8005F1C2F /* Resources */,
			);
			buildRules = (
			);
			dependencies = (
			);
			name = OneDuty;
			productName = "One Duty";
			productReference = C41418A422DE5BE8005F1C2F /* OneDuty.app */;
			productType = "com.apple.product-type.application";
		};
/* End PBXNativeTarget section */

/* Begin PBXProject section */
		C414189C22DE5BE8005F1C2F /* Project object */ = {
			isa = PBXProject;
			attributes = {
				LastSwiftUpdateCheck = 1020;
				LastUpgradeCheck = 1020;
				ORGANIZATIONNAME = "Yeshiwas, Dagmawi";
				TargetAttributes = {
					C41418A322DE5BE8005F1C2F = {
						CreatedOnToolsVersion = 10.2.1;
					};
				};
			};
			buildConfigurationList = C414189F22DE5BE8005F1C2F /* Build configuration list for PBXProject "OneDuty" */;
			compatibilityVersion = "Xcode 9.3";
			developmentRegion = en;
			hasScannedForEncodings = 0;
			knownRegions = (
				en,
				Base,
			);
			mainGroup = C414189B22DE5BE8005F1C2F;
			productRefGroup = C41418A522DE5BE8005F1C2F /* Products */;
			projectDirPath = "";
			projectRoot = "";
			targets = (
				C41418A322DE5BE8005F1C2F /* OneDuty */,
			);
		};
/* End PBXProject section */

/* Begin PBXResourcesBuildPhase section */
		C41418A222DE5BE8005F1C2F /* Resources */ = {
			isa = PBXResourcesBuildPhase;
			buildActionMask = 2147483647;
			files = (
				C41418B722DE682C005F1C2F /* Assets.xcassets in Resources */,
				C41418AF22DE5BE9005F1C2F /* Main.storyboard in Resources */,
			);
			runOnlyForDeploymentPostprocessing = 0;
		};
/* End PBXResourcesBuildPhase section */

/* Begin PBXSourcesBuildPhase section */
		C41418A022DE5BE8005F1C2F /* Sources */ = {
			isa = PBXSourcesBuildPhase;
			buildActionMask = 2147483647;
			files = (
				C48A06D62326C96100594E53 /* HelpController.swift in Sources */,
				C41418AA22DE5BE8005F1C2F /* ViewController.swift in Sources */,
				C41418A822DE5BE8005F1C2F /* AppDelegate.swift in Sources */,
				C41418B922DF823F005F1C2F /* ScheduleController.swift in Sources */,
			);
			runOnlyForDeploymentPostprocessing = 0;
		};
/* End PBXSourcesBuildPhase section */

/* Begin PBXVariantGroup section */
		C41418AD22DE5BE9005F1C2F /* Main.storyboard */ = {
			isa = PBXVariantGroup;
			children = (
				C41418AE22DE5BE9005F1C2F /* Base */,
			);
			name = Main.storyboard;
			sourceTree = "<group>";
		};
/* End PBXVariantGroup section */

/* Begin XCBuildConfiguration section */
		C41418B222DE5BE9005F1C2F /* Debug */ = {
			isa = XCBuildConfiguration;
			buildSettings = {
				ALWAYS_SEARCH_USER_PATHS = NO;
				CLANG_ANALYZER_NONNULL = YES;
				CLANG_ANALYZER_NUMBER_OBJECT_CONVERSION = YES_AGGRESSIVE;
				CLANG_CXX_LANGUAGE_STANDARD = "gnu++14";
				CLANG_CXX_LIBRARY = "libc++";
				CLANG_ENABLE_MODULES = YES;
				CLANG_ENABLE_OBJC_ARC = YES;
				CLANG_ENABLE_OBJC_WEAK = YES;
				CLANG_WARN_BLOCK_CAPTURE_AUTORELEASING = YES;
				CLANG_WARN_BOOL_CONVERSION = YES;
				CLANG_WARN_COMMA = YES;
				CLANG_WARN_CONSTANT_CONVERSION = YES;
				CLANG_WARN_DEPRECATED_OBJC_IMPLEMENTATIONS = YES;
				CLANG_WARN_DIRECT_OBJC_ISA_USAGE = YES_ERROR;
				CLANG_WARN_DOCUMENTATION_COMMENTS = YES;
				CLANG_WARN_EMPTY_BODY = YES;
				CLANG_WARN_ENUM_CONVERSION = YES;
				CLANG_WARN_INFINITE_RECURSION = YES;
				CLANG_WARN_INT_CONVERSION = YES;
				CLANG_WARN_NON_LITERAL_NULL_CONVERSION = YES;
				CLANG_WARN_OBJC_IMPLICIT_RETAIN_SELF = YES;
				CLANG_WARN_OBJC_LITERAL_CONVERSION = YES;
				CLANG_WARN_OBJC_ROOT_CLASS = YES_ERROR;
				CLANG_WARN_RANGE_LOOP_ANALYSIS = YES;
				CLANG_WARN_STRICT_PROTOTYPES = YES;
				CLANG_WARN_SUSPICIOUS_MOVE = YES;
				CLANG_WARN_UNGUARDED_AVAILABILITY = YES_AGGRESSIVE;
				CLANG_WARN_UNREACHABLE_CODE = YES;
				CLANG_WARN__DUPLICATE_METHOD_MATCH = YES;
				CODE_SIGN_IDENTITY = "-";
				COPY_PHASE_STRIP = NO;
				DEBUG_INFORMATION_FORMAT = dwarf;
				ENABLE_STRICT_OBJC_MSGSEND = YES;
				ENABLE_TESTABILITY = YES;
				GCC_C_LANGUAGE_STANDARD = gnu11;
				GCC_DYNAMIC_NO_PIC = NO;
				GCC_NO_COMMON_BLOCKS = YES;
				GCC_OPTIMIZATION_LEVEL = 0;
				GCC_PREPROCESSOR_DEFINITIONS = (
					"DEBUG=1",
					"$(inherited)",
				);
				GCC_WARN_64_TO_32_BIT_CONVERSION = YES;
				GCC_WARN_ABOUT_RETURN_TYPE = YES_ERROR;
				GCC_WARN_UNDECLARED_SELECTOR = YES;
				GCC_WARN_UNINITIALIZED_AUTOS = YES_AGGRESSIVE;
				GCC_WARN_UNUSED_FUNCTION = YES;
				GCC_WARN_UNUSED_VARIABLE = YES;
				MACOSX_DEPLOYMENT_TARGET = 10.14;
				MTL_ENABLE_DEBUG_INFO = INCLUDE_SOURCE;
				MTL_FAST_MATH = YES;
				ONLY_ACTIVE_ARCH = YES;
				PRODUCT_NAME = OneDuty;
				SDKROOT = macosx;
				SWIFT_ACTIVE_COMPILATION_CONDITIONS = DEBUG;
				SWIFT_OPTIMIZATION_LEVEL = "-Onone";
			};
			name = Debug;
		};
		C41418B322DE5BE9005F1C2F /* Release */ = {
			isa = XCBuildConfiguration;
			buildSettings = {
				ALWAYS_SEARCH_USER_PATHS = NO;
				CLANG_ANALYZER_NONNULL = YES;
				CLANG_ANALYZER_NUMBER_OBJECT_CONVERSION = YES_AGGRESSIVE;
				CLANG_CXX_LANGUAGE_STANDARD = "gnu++14";
				CLANG_CXX_LIBRARY = "libc++";
				CLANG_ENABLE_MODULES = YES;
				CLANG_ENABLE_OBJC_ARC = YES;
				CLANG_ENABLE_OBJC_WEAK = YES;
				CLANG_WARN_BLOCK_CAPTURE_AUTORELEASING = YES;
				CLANG_WARN_BOOL_CONVERSION = YES;
				CLANG_WARN_COMMA = YES;
				CLANG_WARN_CONSTANT_CONVERSION = YES;
				CLANG_WARN_DEPRECATED_OBJC_IMPLEMENTATIONS = YES;
				CLANG_WARN_DIRECT_OBJC_ISA_USAGE = YES_ERROR;
				CLANG_WARN_DOCUMENTATION_COMMENTS = YES;
				CLANG_WARN_EMPTY_BODY = YES;
				CLANG_WARN_ENUM_CONVERSION = YES;
				CLANG_WARN_INFINITE_RECURSION = YES;
				CLANG_WARN_INT_CONVERSION = YES;
				CLANG_WARN_NON_LITERAL_NULL_CONVERSION = YES;
				CLANG_WARN_OBJC_IMPLICIT_RETAIN_SELF = YES;
				CLANG_WARN_OBJC_LITERAL_CONVERSION = YES;
				CLANG_WARN_OBJC_ROOT_CLASS = YES_ERROR;
				CLANG_WARN_RANGE_LOOP_ANALYSIS = YES;
				CLANG_WARN_STRICT_PROTOTYPES = YES;
				CLANG_WARN_SUSPICIOUS_MOVE = YES;
				CLANG_WARN_UNGUARDED_AVAILABILITY = YES_AGGRESSIVE;
				CLANG_WARN_UNREACHABLE_CODE = YES;
				CLANG_WARN__DUPLICATE_METHOD_MATCH = YES;
				CODE_SIGN_IDENTITY = "-";
				COPY_PHASE_STRIP = NO;
				DEBUG_INFORMATION_FORMAT = "dwarf-with-dsym";
				ENABLE_NS_ASSERTIONS = NO;
				ENABLE_STRICT_OBJC_MSGSEND = YES;
				GCC_C_LANGUAGE_STANDARD = gnu11;
				GCC_NO_COMMON_BLOCKS = YES;
				GCC_WARN_64_TO_32_BIT_CONVERSION = YES;
				GCC_WARN_ABOUT_RETURN_TYPE = YES_ERROR;
				GCC_WARN_UNDECLARED_SELECTOR = YES;
				GCC_WARN_UNINITIALIZED_AUTOS = YES_AGGRESSIVE;
				GCC_WARN_UNUSED_FUNCTION = YES;
				GCC_WARN_UNUSED_VARIABLE = YES;
				MACOSX_DEPLOYMENT_TARGET = 10.14;
				MTL_ENABLE_DEBUG_INFO = NO;
				MTL_FAST_MATH = YES;
				PRODUCT_NAME = OneDuty;
				SDKROOT = macosx;
				SWIFT_COMPILATION_MODE = wholemodule;
				SWIFT_OPTIMIZATION_LEVEL = "-O";
			};
			name = Release;
		};
		C41418B522DE5BE9005F1C2F /* Debug */ = {
			isa = XCBuildConfiguration;
			buildSettings = {
				ASSETCATALOG_COMPILER_APPICON_NAME = AppIcon;
				CODE_SIGN_STYLE = Automatic;
				COMBINE_HIDPI_IMAGES = YES;
				INFOPLIST_FILE = OneDuty/Info.plist;
				LD_RUNPATH_SEARCH_PATHS = (
					"$(inherited)",
					"@executable_path/../Frameworks",
				);
				PRODUCT_BUNDLE_IDENTIFIER = CapitalOne.OneDuty;
				PRODUCT_NAME = "$(TARGET_NAME)";
				SWIFT_VERSION = 5.0;
			};
			name = Debug;
		};
		C41418B622DE5BE9005F1C2F /* Release */ = {
			isa = XCBuildConfiguration;
			buildSettings = {
				ASSETCATALOG_COMPILER_APPICON_NAME = AppIcon;
				CODE_SIGN_STYLE = Automatic;
				COMBINE_HIDPI_IMAGES = YES;
				INFOPLIST_FILE = OneDuty/Info.plist;
				LD_RUNPATH_SEARCH_PATHS = (
					"$(inherited)",
					"@executable_path/../Frameworks",
				);
				PRODUCT_BUNDLE_IDENTIFIER = CapitalOne.OneDuty;
				PRODUCT_NAME = "$(TARGET_NAME)";
				SWIFT_VERSION = 5.0;
			};
			name = Release;
		};
/* End XCBuildConfiguration section */

/* Begin XCConfigurationList section */
		C414189F22DE5BE8005F1C2F /* Build configuration list for PBXProject "OneDuty" */ = {
			isa = XCConfigurationList;
			buildConfigurations = (
				C41418B222DE5BE9005F1C2F /* Debug */,
				C41418B322DE5BE9005F1C2F /* Release */,
			);
			defaultConfigurationIsVisible = 0;
			defaultConfigurationName = Release;
		};
		C41418B422DE5BE9005F1C2F /* Build configuration list for PBXNativeTarget "OneDuty" */ = {
			isa = XCConfigurationList;
			buildConfigurations = (
				C41418B522DE5BE9005F1C2F /* Debug */,
				C41418B622DE5BE9005F1C2F /* Release */,
			);
			defaultConfigurationIsVisible = 0;
			defaultConfigurationName = Release;
		};
/* End XCConfigurationList section */
	};
	rootObject = C414189C22DE5BE8005F1C2F /* Project object */;
}
